
Microsoft Visual Studio Solution File, Format Version 12.00
# Visual Studio Version 17
VisualStudioVersion = 17.3.32825.248
MinimumVisualStudioVersion = 10.0.40219.1
Project("{FAE04EC0-301F-11D3-BF4B-00C04F79EFBC}") = "MethodExercise", "MethodExercise\MethodExercise.csproj", "{D5A0A711-7C0B-4B73-AB85-0CB12A70DE55}"
EndProject
Global
	GlobalSection(SolutionConfigurationPlatforms) = preSolution
		Debug|Any CPU = Debug|Any CPU
		Release|Any CPU = Release|Any CPU
	EndGlobalSection
	GlobalSection(ProjectConfigurationPlatforms) = postSolution
		{D5A0A711-7C0B-4B73-AB85-0CB12A70DE55}.Debug|Any CPU.ActiveCfg = Debug|Any CPU
		{D5A0A711-7C0B-4B73-AB85-0CB12A70DE55}.Debug|Any CPU.Build.0 = Debug|Any CPU
		{D5A0A711-7C0B-4B73-AB85-0CB12A70DE55}.Release|Any CPU.ActiveCfg = Release|Any CPU
		{D5A0A711-7C0B-4B73-AB85-0CB12A70DE55}.Release|Any CPU.Build.0 = Release|Any CPU
	EndGlobalSection
	GlobalSection(SolutionProperties) = preSolution
		HideSolutionNode = FALSE
	EndGlobalSection
	GlobalSection(ExtensibilityGlobals) = postSolution
		SolutionGuid = {F8225B43-291F-4875-B8D5-0CF4026B638F}
	EndGlobalSection
EndGlobal
